
Microsoft Visual Studio Solution File, Format Version 12.00
# Visual Studio Version 17
VisualStudioVersion = 17.9.34728.123
MinimumVisualStudioVersion = 10.0.40219.1
Project("{FAE04EC0-301F-11D3-BF4B-00C04F79EFBC}") = "CRUD-Generation-Service", "CRUD-Generation-Service\CRUD-Generation-Service.csproj", "{FE76471A-2BE5-402A-A898-8C919598A038}"
EndProject
Global
	GlobalSection(SolutionConfigurationPlatforms) = preSolution
		Debug|Any CPU = Debug|Any CPU
		Release|Any CPU = Release|Any CPU
	EndGlobalSection
	GlobalSection(ProjectConfigurationPlatforms) = postSolution
		{FE76471A-2BE5-402A-A898-8C919598A038}.Debug|Any CPU.ActiveCfg = Debug|Any CPU
		{FE76471A-2BE5-402A-A898-8C919598A038}.Debug|Any CPU.Build.0 = Debug|Any CPU
		{FE76471A-2BE5-402A-A898-8C919598A038}.Release|Any CPU.ActiveCfg = Release|Any CPU
		{FE76471A-2BE5-402A-A898-8C919598A038}.Release|Any CPU.Build.0 = Release|Any CPU
	EndGlobalSection
	GlobalSection(SolutionProperties) = preSolution
		HideSolutionNode = FALSE
	EndGlobalSection
	GlobalSection(ExtensibilityGlobals) = postSolution
		SolutionGuid = {51173AC5-2DF2-479C-8E02-2229C2F0BB7A}
	EndGlobalSection
EndGlobal
